<?xml version="1.0" encoding="utf-8"?>
<Project ToolsVersion="4.0" xmlns="http://schemas.microsoft.com/developer/msbuild/2003">
  <ItemGroup>
    <ClCompile Include="src\main.cpp" />
    <ClCompile Include="src\core\logger\logger.cpp" />
    <ClCompile Include="src\core\logger\LoggerMacro.h" />
    <ClCompile Include="src\domain\services\json\services\json_mapper\json_mapper.cpp" />
    <ClCompile Include="src\domain\services\json\services\json_reader\json_reader.cpp" />
    <ClCompile Include="src\domain\repositories\inventory_repository\inventory_repository.cpp" />
    <ClCompile Include="src\domain\services\json\repositories\default_event_repository.h" />
    <ClCompile Include="src\ui\providers\events_provider.h" />
    <ClCompile Include="src\domain\entities\village\smithy\smithy.cpp" />
  </ItemGroup>
  <ItemGroup>
    <ClInclude Include="src\core\logger\logger.h" />
    <ClInclude Include="src\domain\services\json\core\json_object.h" />
    <ClInclude Include="src\domain\services\json\core\json_parser.h" />
    <ClInclude Include="src\domain\services\json\repositories\sword_repository\sword_repository.h" />
    <ClInclude Include="src\domain\services\json\services\json_mapper\json_mapper.h" />
    <ClInclude Include="src\domain\services\json\services\json_reader\json_reader.h" />
    <ClInclude Include="src\domain\entities\character\character.h" />
    <ClInclude Include="src\domain\entities\inventory\inventory.h" />
    <ClInclude Include="src\domain\repositories\inventory_repository\inventory_repository.h" />
    <ClInclude Include="src\domain\services\inventory_service\IInventory_service.h" />
    <ClInclude Include="src\domain\services\inventory_service\inventory_service.h" />
    <ClInclude Include="src\domain\services\json\repositories\potion_repository\potion_repository.h" />
    <ClInclude Include="src\domain\services\json\models\swords\swords.h" />
    <ClInclude Include="src\domain\services\json\repositories\sword_repository.h" />
    <ClInclude Include="src\domain\services\json\models\item\item.h" />
    <ClInclude Include="src\domain\services\json\models\potions\potions.h" />
    <ClInclude Include="src\domain\services\json\repositories\potion_repository.h" />
    <ClInclude Include="src\domain\services\json\models\events\boss_events\boss_events.h" />
    <ClInclude Include="src\domain\services\json\models\events\default_events\default_events.h" />
    <ClInclude Include="src\domain\events\events_system\events_system.h" />
    <ClInclude Include="src\domain\services\json\repositories\boss_event_repository.h" />
    <ClInclude Include="src\domain\combat_system\combat_system.h" />
    <ClInclude Include="src\ui\providers\MainCharacter_Provider.h" />
    <ClInclude Include="src\domain\entities\village\npc\blacksmith.h" />
    <ClInclude Include="src\domain\entities\village\npc\dealer.h" />
    <ClInclude Include="src\domain\entities\village\npc\pickpocket.h" />
    <ClInclude Include="src\domain\entities\village\npc\potion_maker.h" />
    <ClInclude Include="src\domain\entities\village\smithy\smithy.h" />
    <ClInclude Include="src\domain\entities\village\strange_shop\strange_shop.h" />
    <ClInclude Include="src\domain\entities\village\potion_brewery\potion_brewery.h" />
    <ClInclude Include="src\domain\entities\village\village.h" />
    <ClInclude Include="src\ui\providers\village_provider.h" />
  </ItemGroup>
  <ItemGroup>
    <None Include="src\domain\services\json\assets\json\swords.json" />
    <None Include="src\data\local\inventory\inventory.json" />
    <None Include="src\domain\services\json\assets\json\potions.json" />
    <None Include="src\domain\events\default_events.json" />
    <None Include="src\domain\events\boss_events.json" />
  </ItemGroup>
</Project>